// !$*UTF8*$!
{
	archiveVersion = 1;
	classes = {
	};
	objectVersion = 47;
	objects = {

/* Begin PBXBuildFile section */
		389A62B31ADE446F0037183B /* SayKit.swift in Sources */ = {isa = PBXBuildFile; fileRef = 389A62B21ADE446F0037183B /* SayKit.swift */; };
		389F0EE11B0D3ACD0069DBEF /* NotificationCenter.framework in Frameworks */ = {isa = PBXBuildFile; fileRef = 389F0EC41B0D3A3B0069DBEF /* NotificationCenter.framework */; };
		389F0EE81B0D3ACD0069DBEF /* InfoPlist.strings in Resources */ = {isa = PBXBuildFile; fileRef = 389F0EE61B0D3ACD0069DBEF /* InfoPlist.strings */; };
		389F0EEA1B0D3ACD0069DBEF /* TodayViewController.swift in Sources */ = {isa = PBXBuildFile; fileRef = 389F0EE91B0D3ACD0069DBEF /* TodayViewController.swift */; };
		389F0EEC1B0D3ACD0069DBEF /* TodayViewController.xib in Resources */ = {isa = PBXBuildFile; fileRef = 389F0EEB1B0D3ACD0069DBEF /* TodayViewController.xib */; };
		389F0EEF1B0D3ACD0069DBEF /* Today.appex in Embed App Extensions */ = {isa = PBXBuildFile; fileRef = 389F0EE01B0D3ACD0069DBEF /* Today.appex */; settings = {ATTRIBUTES = (RemoveHeadersOnCopy, ); }; };
		389F0EF91B0D4BF50069DBEF /* SayKit.swift in Sources */ = {isa = PBXBuildFile; fileRef = 389A62B21ADE446F0037183B /* SayKit.swift */; };
		38B8C1EC1AD6F903009F0783 /* AppDelegate.swift in Sources */ = {isa = PBXBuildFile; fileRef = 38B8C1EB1AD6F903009F0783 /* AppDelegate.swift */; };
		38B8C1EE1AD6F903009F0783 /* ViewController.swift in Sources */ = {isa = PBXBuildFile; fileRef = 38B8C1ED1AD6F903009F0783 /* ViewController.swift */; };
		38B8C1F01AD6F903009F0783 /* Images.xcassets in Resources */ = {isa = PBXBuildFile; fileRef = 38B8C1EF1AD6F903009F0783 /* Images.xcassets */; };
		38B8C1F31AD6F903009F0783 /* Main.storyboard in Resources */ = {isa = PBXBuildFile; fileRef = 38B8C1F11AD6F903009F0783 /* Main.storyboard */; };
		38B8C1FF1AD6F903009F0783 /* SayTests.swift in Sources */ = {isa = PBXBuildFile; fileRef = 38B8C1FE1AD6F903009F0783 /* SayTests.swift */; };
/* End PBXBuildFile section */

/* Begin PBXContainerItemProxy section */
		389F0EED1B0D3ACD0069DBEF /* PBXContainerItemProxy */ = {
			isa = PBXContainerItemProxy;
			containerPortal = 38B8C1DE1AD6F903009F0783 /* Project object */;
			proxyType = 1;
			remoteGlobalIDString = 389F0EDF1B0D3ACD0069DBEF;
			remoteInfo = Today;
		};
		38B8C1F91AD6F903009F0783 /* PBXContainerItemProxy */ = {
			isa = PBXContainerItemProxy;
			containerPortal = 38B8C1DE1AD6F903009F0783 /* Project object */;
			proxyType = 1;
			remoteGlobalIDString = 38B8C1E51AD6F903009F0783;
			remoteInfo = Say;
		};
/* End PBXContainerItemProxy section */

/* Begin PBXCopyFilesBuildPhase section */
		389A62A91ADE399F0037183B /* CopyFiles */ = {
			isa = PBXCopyFilesBuildPhase;
			buildActionMask = 2147483647;
			dstPath = "";
			dstSubfolderSpec = 10;
			files = (
			);
			runOnlyForDeploymentPostprocessing = 0;
		};
		389F0EDB1B0D3A3B0069DBEF /* Embed App Extensions */ = {
			isa = PBXCopyFilesBuildPhase;
			buildActionMask = 2147483647;
			dstPath = "";
			dstSubfolderSpec = 13;
			files = (
				389F0EEF1B0D3ACD0069DBEF /* Today.appex in Embed App Extensions */,
			);
			name = "Embed App Extensions";
			runOnlyForDeploymentPostprocessing = 0;
		};
/* End PBXCopyFilesBuildPhase section */

/* Begin PBXFileReference section */
		389A62B21ADE446F0037183B /* SayKit.swift */ = {isa = PBXFileReference; fileEncoding = 4; lastKnownFileType = sourcecode.swift; name = SayKit.swift; path = SayKit/SayKit/SayKit.swift; sourceTree = SOURCE_ROOT; };
		389F0EC41B0D3A3B0069DBEF /* NotificationCenter.framework */ = {isa = PBXFileReference; lastKnownFileType = wrapper.framework; name = NotificationCenter.framework; path = System/Library/Frameworks/NotificationCenter.framework; sourceTree = SDKROOT; };
		389F0EE01B0D3ACD0069DBEF /* Today.appex */ = {isa = PBXFileReference; explicitFileType = "wrapper.app-extension"; includeInIndex = 0; path = Today.appex; sourceTree = BUILT_PRODUCTS_DIR; };
		389F0EE41B0D3ACD0069DBEF /* Info.plist */ = {isa = PBXFileReference; lastKnownFileType = text.plist.xml; path = Info.plist; sourceTree = "<group>"; };
		389F0EE51B0D3ACD0069DBEF /* Today.entitlements */ = {isa = PBXFileReference; lastKnownFileType = text.xml; path = Today.entitlements; sourceTree = "<group>"; };
		389F0EE71B0D3ACD0069DBEF /* en */ = {isa = PBXFileReference; lastKnownFileType = text.plist.strings; name = en; path = en.lproj/InfoPlist.strings; sourceTree = "<group>"; };
		389F0EE91B0D3ACD0069DBEF /* TodayViewController.swift */ = {isa = PBXFileReference; lastKnownFileType = sourcecode.swift; path = TodayViewController.swift; sourceTree = "<group>"; };
		389F0EEB1B0D3ACD0069DBEF /* TodayViewController.xib */ = {isa = PBXFileReference; lastKnownFileType = file.xib; path = TodayViewController.xib; sourceTree = "<group>"; };
		38B8C1E61AD6F903009F0783 /* Say.app */ = {isa = PBXFileReference; explicitFileType = wrapper.application; includeInIndex = 0; path = Say.app; sourceTree = BUILT_PRODUCTS_DIR; };
		38B8C1EA1AD6F903009F0783 /* Info.plist */ = {isa = PBXFileReference; lastKnownFileType = text.plist.xml; path = Info.plist; sourceTree = "<group>"; };
		38B8C1EB1AD6F903009F0783 /* AppDelegate.swift */ = {isa = PBXFileReference; lastKnownFileType = sourcecode.swift; path = AppDelegate.swift; sourceTree = "<group>"; };
		38B8C1ED1AD6F903009F0783 /* ViewController.swift */ = {isa = PBXFileReference; lastKnownFileType = sourcecode.swift; path = ViewController.swift; sourceTree = "<group>"; };
		38B8C1EF1AD6F903009F0783 /* Images.xcassets */ = {isa = PBXFileReference; lastKnownFileType = folder.assetcatalog; path = Images.xcassets; sourceTree = "<group>"; };
		38B8C1F21AD6F903009F0783 /* Base */ = {isa = PBXFileReference; lastKnownFileType = file.storyboard; name = Base; path = Base.lproj/Main.storyboard; sourceTree = "<group>"; };
		38B8C1F81AD6F903009F0783 /* SayTests.xctest */ = {isa = PBXFileReference; explicitFileType = wrapper.cfbundle; includeInIndex = 0; path = SayTests.xctest; sourceTree = BUILT_PRODUCTS_DIR; };
		38B8C1FD1AD6F903009F0783 /* Info.plist */ = {isa = PBXFileReference; lastKnownFileType = text.plist.xml; path = Info.plist; sourceTree = "<group>"; };
		38B8C1FE1AD6F903009F0783 /* SayTests.swift */ = {isa = PBXFileReference; lastKnownFileType = sourcecode.swift; path = SayTests.swift; sourceTree = "<group>"; };
		38B8C2081AD72667009F0783 /* Say.entitlements */ = {isa = PBXFileReference; lastKnownFileType = text.xml; path = Say.entitlements; sourceTree = "<group>"; };
		B7C8299E06F9559672C10464 /* Pods.release.xcconfig */ = {isa = PBXFileReference; includeInIndex = 1; lastKnownFileType = text.xcconfig; name = Pods.release.xcconfig; path = "Pods/Target Support Files/Pods/Pods.release.xcconfig"; sourceTree = "<group>"; };
		D26B89D2E46FEA2D2D8D18AF /* Pods.framework */ = {isa = PBXFileReference; explicitFileType = wrapper.framework; includeInIndex = 0; path = Pods.framework; sourceTree = BUILT_PRODUCTS_DIR; };
		FBB80D06E1DB2E169491FBAF /* Pods.debug.xcconfig */ = {isa = PBXFileReference; includeInIndex = 1; lastKnownFileType = text.xcconfig; name = Pods.debug.xcconfig; path = "Pods/Target Support Files/Pods/Pods.debug.xcconfig"; sourceTree = "<group>"; };
/* End PBXFileReference section */

/* Begin PBXFrameworksBuildPhase section */
		389F0EDD1B0D3ACD0069DBEF /* Frameworks */ = {
			isa = PBXFrameworksBuildPhase;
			buildActionMask = 2147483647;
			files = (
				389F0EE11B0D3ACD0069DBEF /* NotificationCenter.framework in Frameworks */,
			);
			runOnlyForDeploymentPostprocessing = 0;
		};
		38B8C1E31AD6F903009F0783 /* Frameworks */ = {
			isa = PBXFrameworksBuildPhase;
			buildActionMask = 2147483647;
			files = (
			);
			runOnlyForDeploymentPostprocessing = 0;
		};
		38B8C1F51AD6F903009F0783 /* Frameworks */ = {
			isa = PBXFrameworksBuildPhase;
			buildActionMask = 2147483647;
			files = (
			);
			runOnlyForDeploymentPostprocessing = 0;
		};
/* End PBXFrameworksBuildPhase section */

/* Begin PBXGroup section */
		389F0EE21B0D3ACD0069DBEF /* Today */ = {
			isa = PBXGroup;
			children = (
				389F0EE91B0D3ACD0069DBEF /* TodayViewController.swift */,
				389F0EEB1B0D3ACD0069DBEF /* TodayViewController.xib */,
				389F0EE31B0D3ACD0069DBEF /* Supporting Files */,
			);
			path = Today;
			sourceTree = "<group>";
		};
		389F0EE31B0D3ACD0069DBEF /* Supporting Files */ = {
			isa = PBXGroup;
			children = (
				389F0EE41B0D3ACD0069DBEF /* Info.plist */,
				389F0EE51B0D3ACD0069DBEF /* Today.entitlements */,
				389F0EE61B0D3ACD0069DBEF /* InfoPlist.strings */,
			);
			name = "Supporting Files";
			sourceTree = "<group>";
		};
		38B8C1DD1AD6F903009F0783 = {
			isa = PBXGroup;
			children = (
				38B8C1E81AD6F903009F0783 /* Say */,
				38B8C1FB1AD6F903009F0783 /* SayTests */,
				389F0EE21B0D3ACD0069DBEF /* Today */,
				38B8C1E71AD6F903009F0783 /* Products */,
				4D16F21E26E774FB43E0C712 /* Pods */,
				7979093ADF6D2E2A28116378 /* Frameworks */,
			);
			sourceTree = "<group>";
		};
		38B8C1E71AD6F903009F0783 /* Products */ = {
			isa = PBXGroup;
			children = (
				38B8C1E61AD6F903009F0783 /* Say.app */,
				38B8C1F81AD6F903009F0783 /* SayTests.xctest */,
				389F0EE01B0D3ACD0069DBEF /* Today.appex */,
			);
			name = Products;
			sourceTree = "<group>";
		};
		38B8C1E81AD6F903009F0783 /* Say */ = {
			isa = PBXGroup;
			children = (
				38B8C2081AD72667009F0783 /* Say.entitlements */,
				38B8C1EB1AD6F903009F0783 /* AppDelegate.swift */,
				38B8C1ED1AD6F903009F0783 /* ViewController.swift */,
				389A62B21ADE446F0037183B /* SayKit.swift */,
				38B8C1EF1AD6F903009F0783 /* Images.xcassets */,
				38B8C1F11AD6F903009F0783 /* Main.storyboard */,
				38B8C1E91AD6F903009F0783 /* Supporting Files */,
			);
			path = Say;
			sourceTree = "<group>";
		};
		38B8C1E91AD6F903009F0783 /* Supporting Files */ = {
			isa = PBXGroup;
			children = (
				38B8C1EA1AD6F903009F0783 /* Info.plist */,
			);
			name = "Supporting Files";
			sourceTree = "<group>";
		};
		38B8C1FB1AD6F903009F0783 /* SayTests */ = {
			isa = PBXGroup;
			children = (
				38B8C1FE1AD6F903009F0783 /* SayTests.swift */,
				38B8C1FC1AD6F903009F0783 /* Supporting Files */,
			);
			path = SayTests;
			sourceTree = "<group>";
		};
		38B8C1FC1AD6F903009F0783 /* Supporting Files */ = {
			isa = PBXGroup;
			children = (
				38B8C1FD1AD6F903009F0783 /* Info.plist */,
			);
			name = "Supporting Files";
			sourceTree = "<group>";
		};
		4D16F21E26E774FB43E0C712 /* Pods */ = {
			isa = PBXGroup;
			children = (
				FBB80D06E1DB2E169491FBAF /* Pods.debug.xcconfig */,
				B7C8299E06F9559672C10464 /* Pods.release.xcconfig */,
			);
			name = Pods;
			sourceTree = "<group>";
		};
		7979093ADF6D2E2A28116378 /* Frameworks */ = {
			isa = PBXGroup;
			children = (
				D26B89D2E46FEA2D2D8D18AF /* Pods.framework */,
				389F0EC41B0D3A3B0069DBEF /* NotificationCenter.framework */,
			);
			name = Frameworks;
			sourceTree = "<group>";
		};
/* End PBXGroup section */

/* Begin PBXNativeTarget section */
		389F0EDF1B0D3ACD0069DBEF /* Today */ = {
			isa = PBXNativeTarget;
			buildConfigurationList = 389F0EF01B0D3ACD0069DBEF /* Build configuration list for PBXNativeTarget "Today" */;
			buildPhases = (
				389F0EDC1B0D3ACD0069DBEF /* Sources */,
				389F0EDD1B0D3ACD0069DBEF /* Frameworks */,
				389F0EDE1B0D3ACD0069DBEF /* Resources */,
			);
			buildRules = (
			);
			dependencies = (
			);
			name = Today;
			productName = Today;
			productReference = 389F0EE01B0D3ACD0069DBEF /* Today.appex */;
			productType = "com.apple.product-type.app-extension";
		};
		38B8C1E51AD6F903009F0783 /* Say */ = {
			isa = PBXNativeTarget;
			buildConfigurationList = 38B8C2021AD6F903009F0783 /* Build configuration list for PBXNativeTarget "Say" */;
			buildPhases = (
				38B8C1E21AD6F903009F0783 /* Sources */,
				38B8C1E31AD6F903009F0783 /* Frameworks */,
				38B8C1E41AD6F903009F0783 /* Resources */,
				389A62A91ADE399F0037183B /* CopyFiles */,
				389F0EDB1B0D3A3B0069DBEF /* Embed App Extensions */,
			);
			buildRules = (
			);
			dependencies = (
				389F0EEE1B0D3ACD0069DBEF /* PBXTargetDependency */,
			);
			name = Say;
			productName = Say;
			productReference = 38B8C1E61AD6F903009F0783 /* Say.app */;
			productType = "com.apple.product-type.application";
		};
		38B8C1F71AD6F903009F0783 /* SayTests */ = {
			isa = PBXNativeTarget;
			buildConfigurationList = 38B8C2051AD6F903009F0783 /* Build configuration list for PBXNativeTarget "SayTests" */;
			buildPhases = (
				38B8C1F41AD6F903009F0783 /* Sources */,
				38B8C1F51AD6F903009F0783 /* Frameworks */,
				38B8C1F61AD6F903009F0783 /* Resources */,
			);
			buildRules = (
			);
			dependencies = (
				38B8C1FA1AD6F903009F0783 /* PBXTargetDependency */,
			);
			name = SayTests;
			productName = SayTests;
			productReference = 38B8C1F81AD6F903009F0783 /* SayTests.xctest */;
			productType = "com.apple.product-type.bundle.unit-test";
		};
/* End PBXNativeTarget section */

/* Begin PBXProject section */
		38B8C1DE1AD6F903009F0783 /* Project object */ = {
			isa = PBXProject;
			attributes = {
				LastUpgradeCheck = 0630;
				ORGANIZATIONNAME = youknowone.org;
				TargetAttributes = {
					389F0EDF1B0D3ACD0069DBEF = {
						CreatedOnToolsVersion = 6.3.1;
						DevelopmentTeam = 9384JEL3M9;
					};
					38B8C1E51AD6F903009F0783 = {
						CreatedOnToolsVersion = 6.3;
						DevelopmentTeam = 9384JEL3M9;
						SystemCapabilities = {
							com.apple.InAppPurchase = {
								enabled = 0;
							};
							com.apple.Sandbox = {
								enabled = 1;
							};
						};
					};
					38B8C1F71AD6F903009F0783 = {
						CreatedOnToolsVersion = 6.3;
						TestTargetID = 38B8C1E51AD6F903009F0783;
					};
				};
			};
			buildConfigurationList = 38B8C1E11AD6F903009F0783 /* Build configuration list for PBXProject "Say" */;
			compatibilityVersion = "Xcode 6.3";
			developmentRegion = English;
			hasScannedForEncodings = 0;
			knownRegions = (
				en,
				Base,
			);
			mainGroup = 38B8C1DD1AD6F903009F0783;
			productRefGroup = 38B8C1E71AD6F903009F0783 /* Products */;
			projectDirPath = "";
			projectRoot = "";
			targets = (
				38B8C1E51AD6F903009F0783 /* Say */,
				38B8C1F71AD6F903009F0783 /* SayTests */,
				389F0EDF1B0D3ACD0069DBEF /* Today */,
			);
		};
/* End PBXProject section */

/* Begin PBXResourcesBuildPhase section */
		389F0EDE1B0D3ACD0069DBEF /* Resources */ = {
			isa = PBXResourcesBuildPhase;
			buildActionMask = 2147483647;
			files = (
				389F0EEC1B0D3ACD0069DBEF /* TodayViewController.xib in Resources */,
				389F0EE81B0D3ACD0069DBEF /* InfoPlist.strings in Resources */,
			);
			runOnlyForDeploymentPostprocessing = 0;
		};
		38B8C1E41AD6F903009F0783 /* Resources */ = {
			isa = PBXResourcesBuildPhase;
			buildActionMask = 2147483647;
			files = (
				38B8C1F01AD6F903009F0783 /* Images.xcassets in Resources */,
				38B8C1F31AD6F903009F0783 /* Main.storyboard in Resources */,
			);
			runOnlyForDeploymentPostprocessing = 0;
		};
		38B8C1F61AD6F903009F0783 /* Resources */ = {
			isa = PBXResourcesBuildPhase;
			buildActionMask = 2147483647;
			files = (
			);
			runOnlyForDeploymentPostprocessing = 0;
		};
/* End PBXResourcesBuildPhase section */

/* Begin PBXSourcesBuildPhase section */
		389F0EDC1B0D3ACD0069DBEF /* Sources */ = {
			isa = PBXSourcesBuildPhase;
			buildActionMask = 2147483647;
			files = (
				389F0EF91B0D4BF50069DBEF /* SayKit.swift in Sources */,
				389F0EEA1B0D3ACD0069DBEF /* TodayViewController.swift in Sources */,
			);
			runOnlyForDeploymentPostprocessing = 0;
		};
		38B8C1E21AD6F903009F0783 /* Sources */ = {
			isa = PBXSourcesBuildPhase;
			buildActionMask = 2147483647;
			files = (
				38B8C1EE1AD6F903009F0783 /* ViewController.swift in Sources */,
				38B8C1EC1AD6F903009F0783 /* AppDelegate.swift in Sources */,
				389A62B31ADE446F0037183B /* SayKit.swift in Sources */,
			);
			runOnlyForDeploymentPostprocessing = 0;
		};
		38B8C1F41AD6F903009F0783 /* Sources */ = {
			isa = PBXSourcesBuildPhase;
			buildActionMask = 2147483647;
			files = (
				38B8C1FF1AD6F903009F0783 /* SayTests.swift in Sources */,
			);
			runOnlyForDeploymentPostprocessing = 0;
		};
/* End PBXSourcesBuildPhase section */

/* Begin PBXTargetDependency section */
		389F0EEE1B0D3ACD0069DBEF /* PBXTargetDependency */ = {
			isa = PBXTargetDependency;
			target = 389F0EDF1B0D3ACD0069DBEF /* Today */;
			targetProxy = 389F0EED1B0D3ACD0069DBEF /* PBXContainerItemProxy */;
		};
		38B8C1FA1AD6F903009F0783 /* PBXTargetDependency */ = {
			isa = PBXTargetDependency;
			target = 38B8C1E51AD6F903009F0783 /* Say */;
			targetProxy = 38B8C1F91AD6F903009F0783 /* PBXContainerItemProxy */;
		};
/* End PBXTargetDependency section */

/* Begin PBXVariantGroup section */
		389F0EE61B0D3ACD0069DBEF /* InfoPlist.strings */ = {
			isa = PBXVariantGroup;
			children = (
				389F0EE71B0D3ACD0069DBEF /* en */,
			);
			name = InfoPlist.strings;
			sourceTree = "<group>";
		};
		38B8C1F11AD6F903009F0783 /* Main.storyboard */ = {
			isa = PBXVariantGroup;
			children = (
				38B8C1F21AD6F903009F0783 /* Base */,
			);
			name = Main.storyboard;
			sourceTree = "<group>";
		};
/* End PBXVariantGroup section */

/* Begin XCBuildConfiguration section */
		389F0EF11B0D3ACD0069DBEF /* Debug */ = {
			isa = XCBuildConfiguration;
			buildSettings = {
				CODE_SIGN_ENTITLEMENTS = Today/Today.entitlements;
				COMBINE_HIDPI_IMAGES = YES;
				GCC_PREPROCESSOR_DEFINITIONS = (
					"DEBUG=1",
					"$(inherited)",
				);
				INFOPLIST_FILE = Today/Info.plist;
				LD_RUNPATH_SEARCH_PATHS = "$(inherited) @executable_path/../Frameworks @executable_path/../../../../Frameworks";
				PRODUCT_NAME = "$(TARGET_NAME)";
				SKIP_INSTALL = YES;
			};
			name = Debug;
		};
		389F0EF21B0D3ACD0069DBEF /* Release */ = {
			isa = XCBuildConfiguration;
			buildSettings = {
				CODE_SIGN_ENTITLEMENTS = Today/Today.entitlements;
				COMBINE_HIDPI_IMAGES = YES;
				INFOPLIST_FILE = Today/Info.plist;
				LD_RUNPATH_SEARCH_PATHS = "$(inherited) @executable_path/../Frameworks @executable_path/../../../../Frameworks";
				PRODUCT_NAME = "$(TARGET_NAME)";
				SKIP_INSTALL = YES;
			};
			name = Release;
		};
		38B8C2001AD6F903009F0783 /* Debug */ = {
			isa = XCBuildConfiguration;
			buildSettings = {
				ALWAYS_SEARCH_USER_PATHS = NO;
				CLANG_CXX_LANGUAGE_STANDARD = "gnu++0x";
				CLANG_CXX_LIBRARY = "libc++";
				CLANG_ENABLE_MODULES = YES;
				CLANG_ENABLE_OBJC_ARC = YES;
				CLANG_WARN_BOOL_CONVERSION = YES;
				CLANG_WARN_CONSTANT_CONVERSION = YES;
				CLANG_WARN_DIRECT_OBJC_ISA_USAGE = YES_ERROR;
				CLANG_WARN_EMPTY_BODY = YES;
				CLANG_WARN_ENUM_CONVERSION = YES;
				CLANG_WARN_INT_CONVERSION = YES;
				CLANG_WARN_OBJC_ROOT_CLASS = YES_ERROR;
				CLANG_WARN_UNREACHABLE_CODE = YES;
				CLANG_WARN__DUPLICATE_METHOD_MATCH = YES;
				CODE_SIGN_IDENTITY = "-";
				COPY_PHASE_STRIP = NO;
				DEBUG_INFORMATION_FORMAT = dwarf;
				ENABLE_STRICT_OBJC_MSGSEND = YES;
				GCC_C_LANGUAGE_STANDARD = gnu99;
				GCC_DYNAMIC_NO_PIC = NO;
				GCC_NO_COMMON_BLOCKS = YES;
				GCC_OPTIMIZATION_LEVEL = 0;
				GCC_PREPROCESSOR_DEFINITIONS = (
					"DEBUG=1",
					"$(inherited)",
				);
				GCC_SYMBOLS_PRIVATE_EXTERN = NO;
				GCC_WARN_64_TO_32_BIT_CONVERSION = YES;
				GCC_WARN_ABOUT_RETURN_TYPE = YES_ERROR;
				GCC_WARN_UNDECLARED_SELECTOR = YES;
				GCC_WARN_UNINITIALIZED_AUTOS = YES_AGGRESSIVE;
				GCC_WARN_UNUSED_FUNCTION = YES;
				GCC_WARN_UNUSED_VARIABLE = YES;
				MACOSX_DEPLOYMENT_TARGET = 10.10;
				MTL_ENABLE_DEBUG_INFO = YES;
				ONLY_ACTIVE_ARCH = YES;
				SDKROOT = macosx;
				SWIFT_OPTIMIZATION_LEVEL = "-Onone";
			};
			name = Debug;
		};
		38B8C2011AD6F903009F0783 /* Release */ = {
			isa = XCBuildConfiguration;
			buildSettings = {
				ALWAYS_SEARCH_USER_PATHS = NO;
				CLANG_CXX_LANGUAGE_STANDARD = "gnu++0x";
				CLANG_CXX_LIBRARY = "libc++";
				CLANG_ENABLE_MODULES = YES;
				CLANG_ENABLE_OBJC_ARC = YES;
				CLANG_WARN_BOOL_CONVERSION = YES;
				CLANG_WARN_CONSTANT_CONVERSION = YES;
				CLANG_WARN_DIRECT_OBJC_ISA_USAGE = YES_ERROR;
				CLANG_WARN_EMPTY_BODY = YES;
				CLANG_WARN_ENUM_CONVERSION = YES;
				CLANG_WARN_INT_CONVERSION = YES;
				CLANG_WARN_OBJC_ROOT_CLASS = YES_ERROR;
				CLANG_WARN_UNREACHABLE_CODE = YES;
				CLANG_WARN__DUPLICATE_METHOD_MATCH = YES;
				CODE_SIGN_IDENTITY = "3rd Party Mac Developer Application";
				COPY_PHASE_STRIP = NO;
				DEBUG_INFORMATION_FORMAT = "dwarf-with-dsym";
				ENABLE_NS_ASSERTIONS = NO;
				ENABLE_STRICT_OBJC_MSGSEND = YES;
				GCC_C_LANGUAGE_STANDARD = gnu99;
				GCC_NO_COMMON_BLOCKS = YES;
				GCC_WARN_64_TO_32_BIT_CONVERSION = YES;
				GCC_WARN_ABOUT_RETURN_TYPE = YES_ERROR;
				GCC_WARN_UNDECLARED_SELECTOR = YES;
				GCC_WARN_UNINITIALIZED_AUTOS = YES_AGGRESSIVE;
				GCC_WARN_UNUSED_FUNCTION = YES;
				GCC_WARN_UNUSED_VARIABLE = YES;
				MACOSX_DEPLOYMENT_TARGET = 10.10;
				MTL_ENABLE_DEBUG_INFO = NO;
				SDKROOT = macosx;
			};
			name = Release;
		};
		38B8C2031AD6F903009F0783 /* Debug */ = {
			isa = XCBuildConfiguration;
			buildSettings = {
				ASSETCATALOG_COMPILER_APPICON_NAME = AppIcon;
				CODE_SIGN_ENTITLEMENTS = Say/Say.entitlements;
				COMBINE_HIDPI_IMAGES = YES;
				INFOPLIST_FILE = Say/Info.plist;
				LD_RUNPATH_SEARCH_PATHS = "$(inherited) @executable_path/../Frameworks";
				MACOSX_DEPLOYMENT_TARGET = 10.9;
				PRODUCT_NAME = "$(TARGET_NAME)";
			};
			name = Debug;
		};
		38B8C2041AD6F903009F0783 /* Release */ = {
			isa = XCBuildConfiguration;
			buildSettings = {
				ASSETCATALOG_COMPILER_APPICON_NAME = AppIcon;
				CODE_SIGN_ENTITLEMENTS = Say/Say.entitlements;
				COMBINE_HIDPI_IMAGES = YES;
				INFOPLIST_FILE = Say/Info.plist;
				LD_RUNPATH_SEARCH_PATHS = "$(inherited) @executable_path/../Frameworks";
				MACOSX_DEPLOYMENT_TARGET = 10.9;
				PRODUCT_NAME = "$(TARGET_NAME)";
			};
			name = Release;
		};
		38B8C2061AD6F903009F0783 /* Debug */ = {
			isa = XCBuildConfiguration;
			buildSettings = {
				BUNDLE_LOADER = "$(TEST_HOST)";
				COMBINE_HIDPI_IMAGES = YES;
				FRAMEWORK_SEARCH_PATHS = (
					"$(DEVELOPER_FRAMEWORKS_DIR)",
					"$(inherited)",
				);
				GCC_PREPROCESSOR_DEFINITIONS = (
					"DEBUG=1",
					"$(inherited)",
				);
				INFOPLIST_FILE = SayTests/Info.plist;
				LD_RUNPATH_SEARCH_PATHS = "$(inherited) @executable_path/../Frameworks @loader_path/../Frameworks";
				PRODUCT_NAME = SayTests;
				TEST_HOST = "$(BUILT_PRODUCTS_DIR)/Say.app/Contents/MacOS/Say";
			};
			name = Debug;
		};
		38B8C2071AD6F903009F0783 /* Release */ = {
			isa = XCBuildConfiguration;
			buildSettings = {
				BUNDLE_LOADER = "$(TEST_HOST)";
				COMBINE_HIDPI_IMAGES = YES;
				FRAMEWORK_SEARCH_PATHS = (
					"$(DEVELOPER_FRAMEWORKS_DIR)",
					"$(inherited)",
				);
				INFOPLIST_FILE = SayTests/Info.plist;
				LD_RUNPATH_SEARCH_PATHS = "$(inherited) @executable_path/../Frameworks @loader_path/../Frameworks";
				PRODUCT_NAME = SayTests;
				TEST_HOST = "$(BUILT_PRODUCTS_DIR)/Say.app/Contents/MacOS/Say";
			};
			name = Release;
		};
/* End XCBuildConfiguration section */

/* Begin XCConfigurationList section */
		389F0EF01B0D3ACD0069DBEF /* Build configuration list for PBXNativeTarget "Today" */ = {
			isa = XCConfigurationList;
			buildConfigurations = (
				389F0EF11B0D3ACD0069DBEF /* Debug */,
				389F0EF21B0D3ACD0069DBEF /* Release */,
			);
			defaultConfigurationIsVisible = 0;
			defaultConfigurationName = Release;
		};
		38B8C1E11AD6F903009F0783 /* Build configuration list for PBXProject "Say" */ = {
			isa = XCConfigurationList;
			buildConfigurations = (
				38B8C2001AD6F903009F0783 /* Debug */,
				38B8C2011AD6F903009F0783 /* Release */,
			);
			defaultConfigurationIsVisible = 0;
			defaultConfigurationName = Release;
		};
		38B8C2021AD6F903009F0783 /* Build configuration list for PBXNativeTarget "Say" */ = {
			isa = XCConfigurationList;
			buildConfigurations = (
				38B8C2031AD6F903009F0783 /* Debug */,
				38B8C2041AD6F903009F0783 /* Release */,
			);
			defaultConfigurationIsVisible = 0;
			defaultConfigurationName = Release;
		};
		38B8C2051AD6F903009F0783 /* Build configuration list for PBXNativeTarget "SayTests" */ = {
			isa = XCConfigurationList;
			buildConfigurations = (
				38B8C2061AD6F903009F0783 /* Debug */,
				38B8C2071AD6F903009F0783 /* Release */,
			);
			defaultConfigurationIsVisible = 0;
			defaultConfigurationName = Release;
		};
/* End XCConfigurationList section */
	};
	rootObject = 38B8C1DE1AD6F903009F0783 /* Project object */;
}
